// !$*UTF8*$!
{
	archiveVersion = 1;
	classes = {
	};
	objectVersion = 46;
	objects = {

/* Begin PBXBuildFile section */
		BE6AB05A1E45CDC800811401 /* Main.storyboard in Resources */ = {isa = PBXBuildFile; fileRef = BE6AB0591E45CDC800811401 /* Main.storyboard */; };
		BE6AB05C1E45CDD100811401 /* LaunchScreen.xib in Resources */ = {isa = PBXBuildFile; fileRef = BE6AB05B1E45CDD100811401 /* LaunchScreen.xib */; };
		BE6AB05E1E45D87900811401 /* JLXStyleKit.swift in Sources */ = {isa = PBXBuildFile; fileRef = BE6AB05D1E45D87900811401 /* JLXStyleKit.swift */; };
		F07489B01A5A8C5900A9ABCB /* AppDelegate.swift in Sources */ = {isa = PBXBuildFile; fileRef = F07489AF1A5A8C5900A9ABCB /* AppDelegate.swift */; };
		F07489B21A5A8C5900A9ABCB /* ViewController.swift in Sources */ = {isa = PBXBuildFile; fileRef = F07489B11A5A8C5900A9ABCB /* ViewController.swift */; };
		F07489B71A5A8C5900A9ABCB /* Images.xcassets in Resources */ = {isa = PBXBuildFile; fileRef = F07489B61A5A8C5900A9ABCB /* Images.xcassets */; };
		F07489D01A5A8F9500A9ABCB /* ButtonView.swift in Sources */ = {isa = PBXBuildFile; fileRef = F07489CF1A5A8F9500A9ABCB /* ButtonView.swift */; };
/* End PBXBuildFile section */

/* Begin PBXFileReference section */
		BE6AB0591E45CDC800811401 /* Main.storyboard */ = {isa = PBXFileReference; fileEncoding = 4; lastKnownFileType = file.storyboard; path = Main.storyboard; sourceTree = "<group>"; };
		BE6AB05B1E45CDD100811401 /* LaunchScreen.xib */ = {isa = PBXFileReference; fileEncoding = 4; lastKnownFileType = file.xib; path = LaunchScreen.xib; sourceTree = "<group>"; };
		BE6AB05D1E45D87900811401 /* JLXStyleKit.swift */ = {isa = PBXFileReference; fileEncoding = 4; lastKnownFileType = sourcecode.swift; path = JLXStyleKit.swift; sourceTree = "<group>"; };
		F07489AA1A5A8C5900A9ABCB /* DynamicShapesBasics.app */ = {isa = PBXFileReference; explicitFileType = wrapper.application; includeInIndex = 0; path = DynamicShapesBasics.app; sourceTree = BUILT_PRODUCTS_DIR; };
		F07489AE1A5A8C5900A9ABCB /* Info.plist */ = {isa = PBXFileReference; lastKnownFileType = text.plist.xml; path = Info.plist; sourceTree = "<group>"; };
		F07489AF1A5A8C5900A9ABCB /* AppDelegate.swift */ = {isa = PBXFileReference; lastKnownFileType = sourcecode.swift; path = AppDelegate.swift; sourceTree = "<group>"; };
		F07489B11A5A8C5900A9ABCB /* ViewController.swift */ = {isa = PBXFileReference; lastKnownFileType = sourcecode.swift; path = ViewController.swift; sourceTree = "<group>"; };
		F07489B61A5A8C5900A9ABCB /* Images.xcassets */ = {isa = PBXFileReference; lastKnownFileType = folder.assetcatalog; path = Images.xcassets; sourceTree = "<group>"; };
		F07489CF1A5A8F9500A9ABCB /* ButtonView.swift */ = {isa = PBXFileReference; fileEncoding = 4; lastKnownFileType = sourcecode.swift; path = ButtonView.swift; sourceTree = "<group>"; };
/* End PBXFileReference section */

/* Begin PBXFrameworksBuildPhase section */
		F07489A71A5A8C5900A9ABCB /* Frameworks */ = {
			isa = PBXFrameworksBuildPhase;
			buildActionMask = 2147483647;
			files = (
			);
			runOnlyForDeploymentPostprocessing = 0;
		};
/* End PBXFrameworksBuildPhase section */

/* Begin PBXGroup section */
		F07489A11A5A8C5900A9ABCB = {
			isa = PBXGroup;
			children = (
				F07489AC1A5A8C5900A9ABCB /* DynamicShapesBasics */,
				F07489AB1A5A8C5900A9ABCB /* Products */,
			);
			sourceTree = "<group>";
		};
		F07489AB1A5A8C5900A9ABCB /* Products */ = {
			isa = PBXGroup;
			children = (
				F07489AA1A5A8C5900A9ABCB /* DynamicShapesBasics.app */,
			);
			name = Products;
			sourceTree = "<group>";
		};
		F07489AC1A5A8C5900A9ABCB /* DynamicShapesBasics */ = {
			isa = PBXGroup;
			children = (
				BE6AB05D1E45D87900811401 /* JLXStyleKit.swift */,
				F07489AF1A5A8C5900A9ABCB /* AppDelegate.swift */,
				F07489CF1A5A8F9500A9ABCB /* ButtonView.swift */,
				F07489B11A5A8C5900A9ABCB /* ViewController.swift */,
				BE6AB0591E45CDC800811401 /* Main.storyboard */,
				F07489B61A5A8C5900A9ABCB /* Images.xcassets */,
				BE6AB05B1E45CDD100811401 /* LaunchScreen.xib */,
				F07489AD1A5A8C5900A9ABCB /* Supporting Files */,
			);
			path = DynamicShapesBasics;
			sourceTree = "<group>";
		};
		F07489AD1A5A8C5900A9ABCB /* Supporting Files */ = {
			isa = PBXGroup;
			children = (
				F07489AE1A5A8C5900A9ABCB /* Info.plist */,
			);
			name = "Supporting Files";
			sourceTree = "<group>";
		};
/* End PBXGroup section */

/* Begin PBXNativeTarget section */
		F07489A91A5A8C5900A9ABCB /* DynamicShapesBasics */ = {
			isa = PBXNativeTarget;
			buildConfigurationList = F07489C91A5A8C5900A9ABCB /* Build configuration list for PBXNativeTarget "DynamicShapesBasics" */;
			buildPhases = (
				F07489A61A5A8C5900A9ABCB /* Sources */,
				F07489A71A5A8C5900A9ABCB /* Frameworks */,
				F07489A81A5A8C5900A9ABCB /* Resources */,
			);
			buildRules = (
			);
			dependencies = (
			);
			name = DynamicShapesBasics;
			productName = DynamicShapesBasics;
			productReference = F07489AA1A5A8C5900A9ABCB /* DynamicShapesBasics.app */;
			productType = "com.apple.product-type.application";
		};
/* End PBXNativeTarget section */

/* Begin PBXProject section */
		F07489A21A5A8C5900A9ABCB /* Project object */ = {
			isa = PBXProject;
			attributes = {
				LastSwiftMigration = 0730;
				LastSwiftUpdateCheck = 0730;
				LastUpgradeCheck = 0800;
				ORGANIZATIONNAME = company;
				TargetAttributes = {
					F07489A91A5A8C5900A9ABCB = {
						CreatedOnToolsVersion = 6.1.1;
						LastSwiftMigration = 0800;
					};
				};
			};
			buildConfigurationList = F07489A51A5A8C5900A9ABCB /* Build configuration list for PBXProject "DynamicShapesBasics" */;
			compatibilityVersion = "Xcode 3.2";
			developmentRegion = English;
			hasScannedForEncodings = 0;
			knownRegions = (
				en,
				Base,
			);
			mainGroup = F07489A11A5A8C5900A9ABCB;
			productRefGroup = F07489AB1A5A8C5900A9ABCB /* Products */;
			projectDirPath = "";
			projectRoot = "";
			targets = (
				F07489A91A5A8C5900A9ABCB /* DynamicShapesBasics */,
			);
		};
/* End PBXProject section */

/* Begin PBXResourcesBuildPhase section */
		F07489A81A5A8C5900A9ABCB /* Resources */ = {
			isa = PBXResourcesBuildPhase;
			buildActionMask = 2147483647;
			files = (
				BE6AB05C1E45CDD100811401 /* LaunchScreen.xib in Resources */,
				F07489B71A5A8C5900A9ABCB /* Images.xcassets in Resources */,
				BE6AB05A1E45CDC800811401 /* Main.storyboard in Resources */,
			);
			runOnlyForDeploymentPostprocessing = 0;
		};
/* End PBXResourcesBuildPhase section */

/* Begin PBXSourcesBuildPhase section */
		F07489A61A5A8C5900A9ABCB /* Sources */ = {
			isa = PBXSourcesBuildPhase;
			buildActionMask = 2147483647;
			files = (
				F07489B21A5A8C5900A9ABCB /* ViewController.swift in Sources */,
				BE6AB05E1E45D87900811401 /* JLXStyleKit.swift in Sources */,
				F07489B01A5A8C5900A9ABCB /* AppDelegate.swift in Sources */,
				F07489D01A5A8F9500A9ABCB /* ButtonView.swift in Sources */,
			);
			runOnlyForDeploymentPostprocessing = 0;
		};
/* End PBXSourcesBuildPhase section */

/* Begin XCBuildConfiguration section */
		F07489C71A5A8C5900A9ABCB /* Debug */ = {
			isa = XCBuildConfiguration;
			buildSettings = {
				ALWAYS_SEARCH_USER_PATHS = NO;
				CLANG_CXX_LANGUAGE_STANDARD = "gnu++0x";
				CLANG_CXX_LIBRARY = "libc++";
				CLANG_ENABLE_MODULES = YES;
				CLANG_ENABLE_OBJC_ARC = YES;
				CLANG_WARN_BOOL_CONVERSION = YES;
				CLANG_WARN_CONSTANT_CONVERSION = YES;
				CLANG_WARN_DIRECT_OBJC_ISA_USAGE = YES_ERROR;
				CLANG_WARN_EMPTY_BODY = YES;
				CLANG_WARN_ENUM_CONVERSION = YES;
				CLANG_WARN_INFINITE_RECURSION = YES;
				CLANG_WARN_INT_CONVERSION = YES;
				CLANG_WARN_OBJC_ROOT_CLASS = YES_ERROR;
				CLANG_WARN_SUSPICIOUS_MOVE = YES;
				CLANG_WARN_UNREACHABLE_CODE = YES;
				CLANG_WARN__DUPLICATE_METHOD_MATCH = YES;
				"CODE_SIGN_IDENTITY[sdk=iphoneos*]" = "iPhone Developer";
				COPY_PHASE_STRIP = NO;
				ENABLE_STRICT_OBJC_MSGSEND = YES;
				ENABLE_TESTABILITY = YES;
				GCC_C_LANGUAGE_STANDARD = gnu99;
				GCC_DYNAMIC_NO_PIC = NO;
				GCC_NO_COMMON_BLOCKS = YES;
				GCC_OPTIMIZATION_LEVEL = 0;
				GCC_PREPROCESSOR_DEFINITIONS = (
					"DEBUG=1",
					"$(inherited)",
				);
				GCC_SYMBOLS_PRIVATE_EXTERN = NO;
				GCC_WARN_64_TO_32_BIT_CONVERSION = YES;
				GCC_WARN_ABOUT_RETURN_TYPE = YES_ERROR;
				GCC_WARN_UNDECLARED_SELECTOR = YES;
				GCC_WARN_UNINITIALIZED_AUTOS = YES_AGGRESSIVE;
				GCC_WARN_UNUSED_FUNCTION = YES;
				GCC_WARN_UNUSED_VARIABLE = YES;
				IPHONEOS_DEPLOYMENT_TARGET = 8.1;
				MTL_ENABLE_DEBUG_INFO = YES;
				ONLY_ACTIVE_ARCH = YES;
				SDKROOT = iphoneos;
				SWIFT_OPTIMIZATION_LEVEL = "-Onone";
			};
			name = Debug;
		};
		F07489C81A5A8C5900A9ABCB /* Release */ = {
			isa = XCBuildConfiguration;
			buildSettings = {
				ALWAYS_SEARCH_USER_PATHS = NO;
				CLANG_CXX_LANGUAGE_STANDARD = "gnu++0x";
				CLANG_CXX_LIBRARY = "libc++";
				CLANG_ENABLE_MODULES = YES;
				CLANG_ENABLE_OBJC_ARC = YES;
				CLANG_WARN_BOOL_CONVERSION = YES;
				CLANG_WARN_CONSTANT_CONVERSION = YES;
				CLANG_WARN_DIRECT_OBJC_ISA_USAGE = YES_ERROR;
				CLANG_WARN_EMPTY_BODY = YES;
				CLANG_WARN_ENUM_CONVERSION = YES;
				CLANG_WARN_INFINITE_RECURSION = YES;
				CLANG_WARN_INT_CONVERSION = YES;
				CLANG_WARN_OBJC_ROOT_CLASS = YES_ERROR;
				CLANG_WARN_SUSPICIOUS_MOVE = YES;
				CLANG_WARN_UNREACHABLE_CODE = YES;
				CLANG_WARN__DUPLICATE_METHOD_MATCH = YES;
				"CODE_SIGN_IDENTITY[sdk=iphoneos*]" = "iPhone Developer";
				COPY_PHASE_STRIP = YES;
				ENABLE_NS_ASSERTIONS = NO;
				ENABLE_STRICT_OBJC_MSGSEND = YES;
				GCC_C_LANGUAGE_STANDARD = gnu99;
				GCC_NO_COMMON_BLOCKS = YES;
				GCC_WARN_64_TO_32_BIT_CONVERSION = YES;
				GCC_WARN_ABOUT_RETURN_TYPE = YES_ERROR;
				GCC_WARN_UNDECLARED_SELECTOR = YES;
				GCC_WARN_UNINITIALIZED_AUTOS = YES_AGGRESSIVE;
				GCC_WARN_UNUSED_FUNCTION = YES;
				GCC_WARN_UNUSED_VARIABLE = YES;
				IPHONEOS_DEPLOYMENT_TARGET = 8.1;
				MTL_ENABLE_DEBUG_INFO = NO;
				SDKROOT = iphoneos;
				SWIFT_OPTIMIZATION_LEVEL = "-Owholemodule";
				VALIDATE_PRODUCT = YES;
			};
			name = Release;
		};
		F07489CA1A5A8C5900A9ABCB /* Debug */ = {
			isa = XCBuildConfiguration;
			buildSettings = {
				ASSETCATALOG_COMPILER_APPICON_NAME = AppIcon;
				INFOPLIST_FILE = DynamicShapesBasics/Info.plist;
				LD_RUNPATH_SEARCH_PATHS = "$(inherited) @executable_path/Frameworks";
				PRODUCT_BUNDLE_IDENTIFIER = "com.company.$(PRODUCT_NAME:rfc1034identifier)";
				PRODUCT_NAME = "$(TARGET_NAME)";
				SWIFT_VERSION = 3.0;
			};
			name = Debug;
		};
		F07489CB1A5A8C5900A9ABCB /* Release */ = {
			isa = XCBuildConfiguration;
			buildSettings = {
				ASSETCATALOG_COMPILER_APPICON_NAME = AppIcon;
				INFOPLIST_FILE = DynamicShapesBasics/Info.plist;
				LD_RUNPATH_SEARCH_PATHS = "$(inherited) @executable_path/Frameworks";
				PRODUCT_BUNDLE_IDENTIFIER = "com.company.$(PRODUCT_NAME:rfc1034identifier)";
				PRODUCT_NAME = "$(TARGET_NAME)";
				SWIFT_VERSION = 3.0;
			};
			name = Release;
		};
/* End XCBuildConfiguration section */

/* Begin XCConfigurationList section */
		F07489A51A5A8C5900A9ABCB /* Build configuration list for PBXProject "DynamicShapesBasics" */ = {
			isa = XCConfigurationList;
			buildConfigurations = (
				F07489C71A5A8C5900A9ABCB /* Debug */,
				F07489C81A5A8C5900A9ABCB /* Release */,
			);
			defaultConfigurationIsVisible = 0;
			defaultConfigurationName = Release;
		};
		F07489C91A5A8C5900A9ABCB /* Build configuration list for PBXNativeTarget "DynamicShapesBasics" */ = {
			isa = XCConfigurationList;
			buildConfigurations = (
				F07489CA1A5A8C5900A9ABCB /* Debug */,
				F07489CB1A5A8C5900A9ABCB /* Release */,
			);
			defaultConfigurationIsVisible = 0;
			defaultConfigurationName = Release;
		};
/* End XCConfigurationList section */
	};
	rootObject = F07489A21A5A8C5900A9ABCB /* Project object */;
}
